{
  "name": "kpot",
  "version": "0.1.0",
  "lockfileVersion": 3,
  "requires": true,
  "packages": {
    "": {
      "name": "kpot",
      "version": "0.1.0",
      "license": "MIT",
      "dependencies": {
        "exifreader": "^4.41.3",
        "jpeg-js": "^0.4.4"
      },
      "bin": {
        "kpot": "bin/kpot.mjs"
      },
      "engines": {
        "node": ">=20"
      }
    },
    "node_modules/@xmldom/xmldom": {
      "version": "0.9.10",
      "resolved": "https://registry.npmjs.org/@xmldom/xmldom/-/xmldom-0.9.10.tgz",
      "integrity": "sha512-A9gOqLdi6cV4ibazAjcQufGj0B1y/vDqYrcuP6d/6x8P27gRS8643Dj9o1dEKtB6O7fwxb2FgBmJS2mX7gpvdw==",
      "license": "MIT",
      "optional": true,
      "engines": {
        "node": ">=14.6"
      }
    },
    "node_modules/exifreader": {
      "version": "4.41.3",
      "resolved": "https://registry.npmjs.org/exifreader/-/exifreader-4.41.3.tgz",
      "integrity": "sha512-bjc9UGw2OOj5Z0FQec5HRzH8A/gzGpWJLj74+Hffp0ri6JnjmXKtPXa3Ok9qwSaBa3zFsqAdXo8cjAwtj0bD+Q==",
      "hasInstallScript": true,
      "license": "MPL-2.0",
      "bin": {
        "exifreader": "bin/cli.js"
      },
      "optionalDependencies": {
        "@xmldom/xmldom": "^0.9.10"
      }
    },
    "node_modules/jpeg-js": {
      "version": "0.4.4",
      "resolved": "https://registry.npmjs.org/jpeg-js/-/jpeg-js-0.4.4.tgz",
      "integrity": "sha512-WZzeDOEtTOBK4Mdsar0IqEU5sMr3vSV2RqkAIzUEV2BHnUfKGyswWFPFwK5EeDo93K3FohSHbLAjj0s1Wzd+dg==",
      "license": "BSD-3-Clause"
    }
  }
}
